
Microsoft Visual Studio Solution File, Format Version 12.00
# Visual Studio Version 17
VisualStudioVersion = 17.0.31912.275
MinimumVisualStudioVersion = 10.0.40219.1
Project("{FAE04EC0-301F-11D3-BF4B-00C04F79EFBC}") = "Caesar", "Caesar\Caesar.csproj", "{1642E45F-258C-4CCE-9E94-E499BF2816C8}"
EndProject
Global
	GlobalSection(SolutionConfigurationPlatforms) = preSolution
		Debug|Any CPU = Debug|Any CPU
		Release|Any CPU = Release|Any CPU
	EndGlobalSection
	GlobalSection(ProjectConfigurationPlatforms) = postSolution
		{1642E45F-258C-4CCE-9E94-E499BF2816C8}.Debug|Any CPU.ActiveCfg = Debug|Any CPU
		{1642E45F-258C-4CCE-9E94-E499BF2816C8}.Debug|Any CPU.Build.0 = Debug|Any CPU
		{1642E45F-258C-4CCE-9E94-E499BF2816C8}.Release|Any CPU.ActiveCfg = Release|Any CPU
		{1642E45F-258C-4CCE-9E94-E499BF2816C8}.Release|Any CPU.Build.0 = Release|Any CPU
	EndGlobalSection
	GlobalSection(SolutionProperties) = preSolution
		HideSolutionNode = FALSE
	EndGlobalSection
	GlobalSection(ExtensibilityGlobals) = postSolution
		SolutionGuid = {A70F04CE-96F0-4765-99D3-959E2552A6A0}
	EndGlobalSection
EndGlobal
